
Microsoft Visual Studio Solution File, Format Version 12.00
# Visual Studio Version 17
VisualStudioVersion = 17.0.31903.59
MinimumVisualStudioVersion = 10.0.40219.1
Project("{FAE04EC0-301F-11D3-BF4B-00C04F79EFBC}") = "PaymentContext.Domain", "PaymentContext.Domain\PaymentContext.Domain.csproj", "{BFC18001-1272-467F-A54E-36112C7572EE}"
EndProject
Project("{FAE04EC0-301F-11D3-BF4B-00C04F79EFBC}") = "PaymentContext.Shared", "PaymentContext.Shared\PaymentContext.Shared.csproj", "{5A67FF6C-7C89-4470-A824-C3FFBE701170}"
EndProject
Project("{FAE04EC0-301F-11D3-BF4B-00C04F79EFBC}") = "PaymentContext.Tests", "PaymentContext.Tests\PaymentContext.Tests.csproj", "{94EA1149-70FD-4623-9498-B98494CA966C}"
EndProject
Global
	GlobalSection(SolutionConfigurationPlatforms) = preSolution
		Debug|Any CPU = Debug|Any CPU
		Release|Any CPU = Release|Any CPU
	EndGlobalSection
	GlobalSection(SolutionProperties) = preSolution
		HideSolutionNode = FALSE
	EndGlobalSection
	GlobalSection(ProjectConfigurationPlatforms) = postSolution
		{BFC18001-1272-467F-A54E-36112C7572EE}.Debug|Any CPU.ActiveCfg = Debug|Any CPU
		{BFC18001-1272-467F-A54E-36112C7572EE}.Debug|Any CPU.Build.0 = Debug|Any CPU
		{BFC18001-1272-467F-A54E-36112C7572EE}.Release|Any CPU.ActiveCfg = Release|Any CPU
		{BFC18001-1272-467F-A54E-36112C7572EE}.Release|Any CPU.Build.0 = Release|Any CPU
		{5A67FF6C-7C89-4470-A824-C3FFBE701170}.Debug|Any CPU.ActiveCfg = Debug|Any CPU
		{5A67FF6C-7C89-4470-A824-C3FFBE701170}.Debug|Any CPU.Build.0 = Debug|Any CPU
		{5A67FF6C-7C89-4470-A824-C3FFBE701170}.Release|Any CPU.ActiveCfg = Release|Any CPU
		{5A67FF6C-7C89-4470-A824-C3FFBE701170}.Release|Any CPU.Build.0 = Release|Any CPU
		{94EA1149-70FD-4623-9498-B98494CA966C}.Debug|Any CPU.ActiveCfg = Debug|Any CPU
		{94EA1149-70FD-4623-9498-B98494CA966C}.Debug|Any CPU.Build.0 = Debug|Any CPU
		{94EA1149-70FD-4623-9498-B98494CA966C}.Release|Any CPU.ActiveCfg = Release|Any CPU
		{94EA1149-70FD-4623-9498-B98494CA966C}.Release|Any CPU.Build.0 = Release|Any CPU
	EndGlobalSection
EndGlobal
